
Microsoft Visual Studio Solution File, Format Version 12.00
# Visual Studio 15
VisualStudioVersion = 15.0.28307.1585
MinimumVisualStudioVersion = 10.0.40219.1
Project("{FAE04EC0-301F-11D3-BF4B-00C04F79EFBC}") = "TP02_202873", "TP02_202873\TP02_202873.csproj", "{5AF1CD7C-3A9B-434A-8EC9-12F4E92B5B84}"
EndProject
Global
	GlobalSection(SolutionConfigurationPlatforms) = preSolution
		Debug|Any CPU = Debug|Any CPU
		Release|Any CPU = Release|Any CPU
	EndGlobalSection
	GlobalSection(ProjectConfigurationPlatforms) = postSolution
		{5AF1CD7C-3A9B-434A-8EC9-12F4E92B5B84}.Debug|Any CPU.ActiveCfg = Debug|Any CPU
		{5AF1CD7C-3A9B-434A-8EC9-12F4E92B5B84}.Debug|Any CPU.Build.0 = Debug|Any CPU
		{5AF1CD7C-3A9B-434A-8EC9-12F4E92B5B84}.Release|Any CPU.ActiveCfg = Release|Any CPU
		{5AF1CD7C-3A9B-434A-8EC9-12F4E92B5B84}.Release|Any CPU.Build.0 = Release|Any CPU
	EndGlobalSection
	GlobalSection(SolutionProperties) = preSolution
		HideSolutionNode = FALSE
	EndGlobalSection
	GlobalSection(ExtensibilityGlobals) = postSolution
		SolutionGuid = {93F0F076-C298-4FE2-9FA8-8EF1EF8777C7}
	EndGlobalSection
EndGlobal
